// !$*UTF8*$!
{
	archiveVersion = 1;
	classes = {
	};
	objectVersion = 46;
	objects = {

/* Begin PBXBuildFile section */
		1D02A7421EAAD09700775BDC /* main.m in Sources */ = {isa = PBXBuildFile; fileRef = 1D02A7411EAAD09700775BDC /* main.m */; };
		1D02A7451EAAD09700775BDC /* AppDelegate.m in Sources */ = {isa = PBXBuildFile; fileRef = 1D02A7441EAAD09700775BDC /* AppDelegate.m */; };
		1D02A74D1EAAD09700775BDC /* Assets.xcassets in Resources */ = {isa = PBXBuildFile; fileRef = 1D02A74C1EAAD09700775BDC /* Assets.xcassets */; };
		1D02A7501EAAD09700775BDC /* LaunchScreen.storyboard in Resources */ = {isa = PBXBuildFile; fileRef = 1D02A74E1EAAD09700775BDC /* LaunchScreen.storyboard */; };
		1D02A75B1EAAD09700775BDC /* manyThreadTests.m in Sources */ = {isa = PBXBuildFile; fileRef = 1D02A75A1EAAD09700775BDC /* manyThreadTests.m */; };
		1D02A7661EAAD09700775BDC /* manyThreadUITests.m in Sources */ = {isa = PBXBuildFile; fileRef = 1D02A7651EAAD09700775BDC /* manyThreadUITests.m */; };
		1D02A7901EAD75F100775BDC /* AppTableViewController.m in Sources */ = {isa = PBXBuildFile; fileRef = 1D02A78F1EAD75F100775BDC /* AppTableViewController.m */; };
		1D02A7931EAD763900775BDC /* AppData.m in Sources */ = {isa = PBXBuildFile; fileRef = 1D02A7921EAD763900775BDC /* AppData.m */; };
		1D02A7951EAD78CC00775BDC /* App.plist in Resources */ = {isa = PBXBuildFile; fileRef = 1D02A7941EAD78CC00775BDC /* App.plist */; };
/* End PBXBuildFile section */

/* Begin PBXContainerItemProxy section */
		1D02A7571EAAD09700775BDC /* PBXContainerItemProxy */ = {
			isa = PBXContainerItemProxy;
			containerPortal = 1D02A7351EAAD09700775BDC /* Project object */;
			proxyType = 1;
			remoteGlobalIDString = 1D02A73C1EAAD09700775BDC;
			remoteInfo = manyThread;
		};
		1D02A7621EAAD09700775BDC /* PBXContainerItemProxy */ = {
			isa = PBXContainerItemProxy;
			containerPortal = 1D02A7351EAAD09700775BDC /* Project object */;
			proxyType = 1;
			remoteGlobalIDString = 1D02A73C1EAAD09700775BDC;
			remoteInfo = manyThread;
		};
/* End PBXContainerItemProxy section */

/* Begin PBXFileReference section */
		1D02A73D1EAAD09700775BDC /* manyThread.app */ = {isa = PBXFileReference; explicitFileType = wrapper.application; includeInIndex = 0; path = manyThread.app; sourceTree = BUILT_PRODUCTS_DIR; };
		1D02A7411EAAD09700775BDC /* main.m */ = {isa = PBXFileReference; lastKnownFileType = sourcecode.c.objc; path = main.m; sourceTree = "<group>"; };
		1D02A7431EAAD09700775BDC /* AppDelegate.h */ = {isa = PBXFileReference; lastKnownFileType = sourcecode.c.h; path = AppDelegate.h; sourceTree = "<group>"; };
		1D02A7441EAAD09700775BDC /* AppDelegate.m */ = {isa = PBXFileReference; lastKnownFileType = sourcecode.c.objc; path = AppDelegate.m; sourceTree = "<group>"; };
		1D02A74C1EAAD09700775BDC /* Assets.xcassets */ = {isa = PBXFileReference; lastKnownFileType = folder.assetcatalog; path = Assets.xcassets; sourceTree = "<group>"; };
		1D02A74F1EAAD09700775BDC /* Base */ = {isa = PBXFileReference; lastKnownFileType = file.storyboard; name = Base; path = Base.lproj/LaunchScreen.storyboard; sourceTree = "<group>"; };
		1D02A7511EAAD09700775BDC /* Info.plist */ = {isa = PBXFileReference; lastKnownFileType = text.plist.xml; path = Info.plist; sourceTree = "<group>"; };
		1D02A7561EAAD09700775BDC /* manyThreadTests.xctest */ = {isa = PBXFileReference; explicitFileType = wrapper.cfbundle; includeInIndex = 0; path = manyThreadTests.xctest; sourceTree = BUILT_PRODUCTS_DIR; };
		1D02A75A1EAAD09700775BDC /* manyThreadTests.m */ = {isa = PBXFileReference; lastKnownFileType = sourcecode.c.objc; path = manyThreadTests.m; sourceTree = "<group>"; };
		1D02A75C1EAAD09700775BDC /* Info.plist */ = {isa = PBXFileReference; lastKnownFileType = text.plist.xml; path = Info.plist; sourceTree = "<group>"; };
		1D02A7611EAAD09700775BDC /* manyThreadUITests.xctest */ = {isa = PBXFileReference; explicitFileType = wrapper.cfbundle; includeInIndex = 0; path = manyThreadUITests.xctest; sourceTree = BUILT_PRODUCTS_DIR; };
		1D02A7651EAAD09700775BDC /* manyThreadUITests.m */ = {isa = PBXFileReference; lastKnownFileType = sourcecode.c.objc; path = manyThreadUITests.m; sourceTree = "<group>"; };
		1D02A7671EAAD09700775BDC /* Info.plist */ = {isa = PBXFileReference; lastKnownFileType = text.plist.xml; path = Info.plist; sourceTree = "<group>"; };
		1D02A78E1EAD75F100775BDC /* AppTableViewController.h */ = {isa = PBXFileReference; fileEncoding = 4; lastKnownFileType = sourcecode.c.h; name = AppTableViewController.h; path = ../AppTableViewController.h; sourceTree = "<group>"; };
		1D02A78F1EAD75F100775BDC /* AppTableViewController.m */ = {isa = PBXFileReference; fileEncoding = 4; lastKnownFileType = sourcecode.c.objc; name = AppTableViewController.m; path = ../AppTableViewController.m; sourceTree = "<group>"; };
		1D02A7911EAD763900775BDC /* AppData.h */ = {isa = PBXFileReference; fileEncoding = 4; lastKnownFileType = sourcecode.c.h; path = AppData.h; sourceTree = "<group>"; };
		1D02A7921EAD763900775BDC /* AppData.m */ = {isa = PBXFileReference; fileEncoding = 4; lastKnownFileType = sourcecode.c.objc; path = AppData.m; sourceTree = "<group>"; };
		1D02A7941EAD78CC00775BDC /* App.plist */ = {isa = PBXFileReference; fileEncoding = 4; lastKnownFileType = text.plist.xml; path = App.plist; sourceTree = "<group>"; };
/* End PBXFileReference section */

/* Begin PBXFrameworksBuildPhase section */
		1D02A73A1EAAD09700775BDC /* Frameworks */ = {
			isa = PBXFrameworksBuildPhase;
			buildActionMask = 2147483647;
			files = (
			);
			runOnlyForDeploymentPostprocessing = 0;
		};
		1D02A7531EAAD09700775BDC /* Frameworks */ = {
			isa = PBXFrameworksBuildPhase;
			buildActionMask = 2147483647;
			files = (
			);
			runOnlyForDeploymentPostprocessing = 0;
		};
		1D02A75E1EAAD09700775BDC /* Frameworks */ = {
			isa = PBXFrameworksBuildPhase;
			buildActionMask = 2147483647;
			files = (
			);
			runOnlyForDeploymentPostprocessing = 0;
		};
/* End PBXFrameworksBuildPhase section */

/* Begin PBXGroup section */
		1D02A7341EAAD09700775BDC = {
			isa = PBXGroup;
			children = (
				1D02A73F1EAAD09700775BDC /* manyThread */,
				1D02A7591EAAD09700775BDC /* manyThreadTests */,
				1D02A7641EAAD09700775BDC /* manyThreadUITests */,
				1D02A73E1EAAD09700775BDC /* Products */,
			);
			sourceTree = "<group>";
		};
		1D02A73E1EAAD09700775BDC /* Products */ = {
			isa = PBXGroup;
			children = (
				1D02A73D1EAAD09700775BDC /* manyThread.app */,
				1D02A7561EAAD09700775BDC /* manyThreadTests.xctest */,
				1D02A7611EAAD09700775BDC /* manyThreadUITests.xctest */,
			);
			name = Products;
			sourceTree = "<group>";
		};
		1D02A73F1EAAD09700775BDC /* manyThread */ = {
			isa = PBXGroup;
			children = (
				1D02A7431EAAD09700775BDC /* AppDelegate.h */,
				1D02A7441EAAD09700775BDC /* AppDelegate.m */,
				1D02A78E1EAD75F100775BDC /* AppTableViewController.h */,
				1D02A78F1EAD75F100775BDC /* AppTableViewController.m */,
				1D02A7911EAD763900775BDC /* AppData.h */,
				1D02A7921EAD763900775BDC /* AppData.m */,
				1D02A7941EAD78CC00775BDC /* App.plist */,
				1D02A74C1EAAD09700775BDC /* Assets.xcassets */,
				1D02A74E1EAAD09700775BDC /* LaunchScreen.storyboard */,
				1D02A7511EAAD09700775BDC /* Info.plist */,
				1D02A7401EAAD09700775BDC /* Supporting Files */,
			);
			path = manyThread;
			sourceTree = "<group>";
		};
		1D02A7401EAAD09700775BDC /* Supporting Files */ = {
			isa = PBXGroup;
			children = (
				1D02A7411EAAD09700775BDC /* main.m */,
			);
			name = "Supporting Files";
			sourceTree = "<group>";
		};
		1D02A7591EAAD09700775BDC /* manyThreadTests */ = {
			isa = PBXGroup;
			children = (
				1D02A75A1EAAD09700775BDC /* manyThreadTests.m */,
				1D02A75C1EAAD09700775BDC /* Info.plist */,
			);
			path = manyThreadTests;
			sourceTree = "<group>";
		};
		1D02A7641EAAD09700775BDC /* manyThreadUITests */ = {
			isa = PBXGroup;
			children = (
				1D02A7651EAAD09700775BDC /* manyThreadUITests.m */,
				1D02A7671EAAD09700775BDC /* Info.plist */,
			);
			path = manyThreadUITests;
			sourceTree = "<group>";
		};
/* End PBXGroup section */

/* Begin PBXNativeTarget section */
		1D02A73C1EAAD09700775BDC /* manyThread */ = {
			isa = PBXNativeTarget;
			buildConfigurationList = 1D02A76A1EAAD09700775BDC /* Build configuration list for PBXNativeTarget "manyThread" */;
			buildPhases = (
				1D02A7391EAAD09700775BDC /* Sources */,
				1D02A73A1EAAD09700775BDC /* Frameworks */,
				1D02A73B1EAAD09700775BDC /* Resources */,
			);
			buildRules = (
			);
			dependencies = (
			);
			name = manyThread;
			productName = manyThread;
			productReference = 1D02A73D1EAAD09700775BDC /* manyThread.app */;
			productType = "com.apple.product-type.application";
		};
		1D02A7551EAAD09700775BDC /* manyThreadTests */ = {
			isa = PBXNativeTarget;
			buildConfigurationList = 1D02A76D1EAAD09700775BDC /* Build configuration list for PBXNativeTarget "manyThreadTests" */;
			buildPhases = (
				1D02A7521EAAD09700775BDC /* Sources */,
				1D02A7531EAAD09700775BDC /* Frameworks */,
				1D02A7541EAAD09700775BDC /* Resources */,
			);
			buildRules = (
			);
			dependencies = (
				1D02A7581EAAD09700775BDC /* PBXTargetDependency */,
			);
			name = manyThreadTests;
			productName = manyThreadTests;
			productReference = 1D02A7561EAAD09700775BDC /* manyThreadTests.xctest */;
			productType = "com.apple.product-type.bundle.unit-test";
		};
		1D02A7601EAAD09700775BDC /* manyThreadUITests */ = {
			isa = PBXNativeTarget;
			buildConfigurationList = 1D02A7701EAAD09700775BDC /* Build configuration list for PBXNativeTarget "manyThreadUITests" */;
			buildPhases = (
				1D02A75D1EAAD09700775BDC /* Sources */,
				1D02A75E1EAAD09700775BDC /* Frameworks */,
				1D02A75F1EAAD09700775BDC /* Resources */,
			);
			buildRules = (
			);
			dependencies = (
				1D02A7631EAAD09700775BDC /* PBXTargetDependency */,
			);
			name = manyThreadUITests;
			productName = manyThreadUITests;
			productReference = 1D02A7611EAAD09700775BDC /* manyThreadUITests.xctest */;
			productType = "com.apple.product-type.bundle.ui-testing";
		};
/* End PBXNativeTarget section */

/* Begin PBXProject section */
		1D02A7351EAAD09700775BDC /* Project object */ = {
			isa = PBXProject;
			attributes = {
				LastUpgradeCheck = 0830;
				ORGANIZATIONNAME = "鹏 刘";
				TargetAttributes = {
					1D02A73C1EAAD09700775BDC = {
						CreatedOnToolsVersion = 8.3.1;
						ProvisioningStyle = Automatic;
					};
					1D02A7551EAAD09700775BDC = {
						CreatedOnToolsVersion = 8.3.1;
						ProvisioningStyle = Automatic;
						TestTargetID = 1D02A73C1EAAD09700775BDC;
					};
					1D02A7601EAAD09700775BDC = {
						CreatedOnToolsVersion = 8.3.1;
						ProvisioningStyle = Automatic;
						TestTargetID = 1D02A73C1EAAD09700775BDC;
					};
				};
			};
			buildConfigurationList = 1D02A7381EAAD09700775BDC /* Build configuration list for PBXProject "manyThread" */;
			compatibilityVersion = "Xcode 3.2";
			developmentRegion = English;
			hasScannedForEncodings = 0;
			knownRegions = (
				en,
				Base,
			);
			mainGroup = 1D02A7341EAAD09700775BDC;
			productRefGroup = 1D02A73E1EAAD09700775BDC /* Products */;
			projectDirPath = "";
			projectRoot = "";
			targets = (
				1D02A73C1EAAD09700775BDC /* manyThread */,
				1D02A7551EAAD09700775BDC /* manyThreadTests */,
				1D02A7601EAAD09700775BDC /* manyThreadUITests */,
			);
		};
/* End PBXProject section */

/* Begin PBXResourcesBuildPhase section */
		1D02A73B1EAAD09700775BDC /* Resources */ = {
			isa = PBXResourcesBuildPhase;
			buildActionMask = 2147483647;
			files = (
				1D02A7951EAD78CC00775BDC /* App.plist in Resources */,
				1D02A7501EAAD09700775BDC /* LaunchScreen.storyboard in Resources */,
				1D02A74D1EAAD09700775BDC /* Assets.xcassets in Resources */,
			);
			runOnlyForDeploymentPostprocessing = 0;
		};
		1D02A7541EAAD09700775BDC /* Resources */ = {
			isa = PBXResourcesBuildPhase;
			buildActionMask = 2147483647;
			files = (
			);
			runOnlyForDeploymentPostprocessing = 0;
		};
		1D02A75F1EAAD09700775BDC /* Resources */ = {
			isa = PBXResourcesBuildPhase;
			buildActionMask = 2147483647;
			files = (
			);
			runOnlyForDeploymentPostprocessing = 0;
		};
/* End PBXResourcesBuildPhase section */

/* Begin PBXSourcesBuildPhase section */
		1D02A7391EAAD09700775BDC /* Sources */ = {
			isa = PBXSourcesBuildPhase;
			buildActionMask = 2147483647;
			files = (
				1D02A7451EAAD09700775BDC /* AppDelegate.m in Sources */,
				1D02A7901EAD75F100775BDC /* AppTableViewController.m in Sources */,
				1D02A7421EAAD09700775BDC /* main.m in Sources */,
				1D02A7931EAD763900775BDC /* AppData.m in Sources */,
			);
			runOnlyForDeploymentPostprocessing = 0;
		};
		1D02A7521EAAD09700775BDC /* Sources */ = {
			isa = PBXSourcesBuildPhase;
			buildActionMask = 2147483647;
			files = (
				1D02A75B1EAAD09700775BDC /* manyThreadTests.m in Sources */,
			);
			runOnlyForDeploymentPostprocessing = 0;
		};
		1D02A75D1EAAD09700775BDC /* Sources */ = {
			isa = PBXSourcesBuildPhase;
			buildActionMask = 2147483647;
			files = (
				1D02A7661EAAD09700775BDC /* manyThreadUITests.m in Sources */,
			);
			runOnlyForDeploymentPostprocessing = 0;
		};
/* End PBXSourcesBuildPhase section */

/* Begin PBXTargetDependency section */
		1D02A7581EAAD09700775BDC /* PBXTargetDependency */ = {
			isa = PBXTargetDependency;
			target = 1D02A73C1EAAD09700775BDC /* manyThread */;
			targetProxy = 1D02A7571EAAD09700775BDC /* PBXContainerItemProxy */;
		};
		1D02A7631EAAD09700775BDC /* PBXTargetDependency */ = {
			isa = PBXTargetDependency;
			target = 1D02A73C1EAAD09700775BDC /* manyThread */;
			targetProxy = 1D02A7621EAAD09700775BDC /* PBXContainerItemProxy */;
		};
/* End PBXTargetDependency section */

/* Begin PBXVariantGroup section */
		1D02A74E1EAAD09700775BDC /* LaunchScreen.storyboard */ = {
			isa = PBXVariantGroup;
			children = (
				1D02A74F1EAAD09700775BDC /* Base */,
			);
			name = LaunchScreen.storyboard;
			sourceTree = "<group>";
		};
/* End PBXVariantGroup section */

/* Begin XCBuildConfiguration section */
		1D02A7681EAAD09700775BDC /* Debug */ = {
			isa = XCBuildConfiguration;
			buildSettings = {
				ALWAYS_SEARCH_USER_PATHS = NO;
				CLANG_ANALYZER_NONNULL = YES;
				CLANG_ANALYZER_NUMBER_OBJECT_CONVERSION = YES_AGGRESSIVE;
				CLANG_CXX_LANGUAGE_STANDARD = "gnu++0x";
				CLANG_CXX_LIBRARY = "libc++";
				CLANG_ENABLE_MODULES = YES;
				CLANG_ENABLE_OBJC_ARC = YES;
				CLANG_WARN_BOOL_CONVERSION = YES;
				CLANG_WARN_CONSTANT_CONVERSION = YES;
				CLANG_WARN_DIRECT_OBJC_ISA_USAGE = YES_ERROR;
				CLANG_WARN_DOCUMENTATION_COMMENTS = YES;
				CLANG_WARN_EMPTY_BODY = YES;
				CLANG_WARN_ENUM_CONVERSION = YES;
				CLANG_WARN_INFINITE_RECURSION = YES;
				CLANG_WARN_INT_CONVERSION = YES;
				CLANG_WARN_OBJC_ROOT_CLASS = YES_ERROR;
				CLANG_WARN_SUSPICIOUS_MOVE = YES;
				CLANG_WARN_UNREACHABLE_CODE = YES;
				CLANG_WARN__DUPLICATE_METHOD_MATCH = YES;
				"CODE_SIGN_IDENTITY[sdk=iphoneos*]" = "iPhone Developer";
				COPY_PHASE_STRIP = NO;
				DEBUG_INFORMATION_FORMAT = dwarf;
				ENABLE_STRICT_OBJC_MSGSEND = YES;
				ENABLE_TESTABILITY = YES;
				GCC_C_LANGUAGE_STANDARD = gnu99;
				GCC_DYNAMIC_NO_PIC = NO;
				GCC_NO_COMMON_BLOCKS = YES;
				GCC_OPTIMIZATION_LEVEL = 0;
				GCC_PREPROCESSOR_DEFINITIONS = (
					"DEBUG=1",
					"$(inherited)",
				);
				GCC_WARN_64_TO_32_BIT_CONVERSION = YES;
				GCC_WARN_ABOUT_RETURN_TYPE = YES_ERROR;
				GCC_WARN_UNDECLARED_SELECTOR = YES;
				GCC_WARN_UNINITIALIZED_AUTOS = YES_AGGRESSIVE;
				GCC_WARN_UNUSED_FUNCTION = YES;
				GCC_WARN_UNUSED_VARIABLE = YES;
				IPHONEOS_DEPLOYMENT_TARGET = 10.3;
				MTL_ENABLE_DEBUG_INFO = YES;
				ONLY_ACTIVE_ARCH = YES;
				SDKROOT = iphoneos;
			};
			name = Debug;
		};
		1D02A7691EAAD09700775BDC /* Release */ = {
			isa = XCBuildConfiguration;
			buildSettings = {
				ALWAYS_SEARCH_USER_PATHS = NO;
				CLANG_ANALYZER_NONNULL = YES;
				CLANG_ANALYZER_NUMBER_OBJECT_CONVERSION = YES_AGGRESSIVE;
				CLANG_CXX_LANGUAGE_STANDARD = "gnu++0x";
				CLANG_CXX_LIBRARY = "libc++";
				CLANG_ENABLE_MODULES = YES;
				CLANG_ENABLE_OBJC_ARC = YES;
				CLANG_WARN_BOOL_CONVERSION = YES;
				CLANG_WARN_CONSTANT_CONVERSION = YES;
				CLANG_WARN_DIRECT_OBJC_ISA_USAGE = YES_ERROR;
				CLANG_WARN_DOCUMENTATION_COMMENTS = YES;
				CLANG_WARN_EMPTY_BODY = YES;
				CLANG_WARN_ENUM_CONVERSION = YES;
				CLANG_WARN_INFINITE_RECURSION = YES;
				CLANG_WARN_INT_CONVERSION = YES;
				CLANG_WARN_OBJC_ROOT_CLASS = YES_ERROR;
				CLANG_WARN_SUSPICIOUS_MOVE = YES;
				CLANG_WARN_UNREACHABLE_CODE = YES;
				CLANG_WARN__DUPLICATE_METHOD_MATCH = YES;
				"CODE_SIGN_IDENTITY[sdk=iphoneos*]" = "iPhone Developer";
				COPY_PHASE_STRIP = NO;
				DEBUG_INFORMATION_FORMAT = "dwarf-with-dsym";
				ENABLE_NS_ASSERTIONS = NO;
				ENABLE_STRICT_OBJC_MSGSEND = YES;
				GCC_C_LANGUAGE_STANDARD = gnu99;
				GCC_NO_COMMON_BLOCKS = YES;
				GCC_WARN_64_TO_32_BIT_CONVERSION = YES;
				GCC_WARN_ABOUT_RETURN_TYPE = YES_ERROR;
				GCC_WARN_UNDECLARED_SELECTOR = YES;
				GCC_WARN_UNINITIALIZED_AUTOS = YES_AGGRESSIVE;
				GCC_WARN_UNUSED_FUNCTION = YES;
				GCC_WARN_UNUSED_VARIABLE = YES;
				IPHONEOS_DEPLOYMENT_TARGET = 10.3;
				MTL_ENABLE_DEBUG_INFO = NO;
				SDKROOT = iphoneos;
				VALIDATE_PRODUCT = YES;
			};
			name = Release;
		};
		1D02A76B1EAAD09700775BDC /* Debug */ = {
			isa = XCBuildConfiguration;
			buildSettings = {
				ASSETCATALOG_COMPILER_APPICON_NAME = AppIcon;
				INFOPLIST_FILE = manyThread/Info.plist;
				LD_RUNPATH_SEARCH_PATHS = "$(inherited) @executable_path/Frameworks";
				PRODUCT_BUNDLE_IDENTIFIER = ios.manyThread;
				PRODUCT_NAME = "$(TARGET_NAME)";
			};
			name = Debug;
		};
		1D02A76C1EAAD09700775BDC /* Release */ = {
			isa = XCBuildConfiguration;
			buildSettings = {
				ASSETCATALOG_COMPILER_APPICON_NAME = AppIcon;
				INFOPLIST_FILE = manyThread/Info.plist;
				LD_RUNPATH_SEARCH_PATHS = "$(inherited) @executable_path/Frameworks";
				PRODUCT_BUNDLE_IDENTIFIER = ios.manyThread;
				PRODUCT_NAME = "$(TARGET_NAME)";
			};
			name = Release;
		};
		1D02A76E1EAAD09700775BDC /* Debug */ = {
			isa = XCBuildConfiguration;
			buildSettings = {
				BUNDLE_LOADER = "$(TEST_HOST)";
				INFOPLIST_FILE = manyThreadTests/Info.plist;
				LD_RUNPATH_SEARCH_PATHS = "$(inherited) @executable_path/Frameworks @loader_path/Frameworks";
				PRODUCT_BUNDLE_IDENTIFIER = ios.manyThreadTests;
				PRODUCT_NAME = "$(TARGET_NAME)";
				TEST_HOST = "$(BUILT_PRODUCTS_DIR)/manyThread.app/manyThread";
			};
			name = Debug;
		};
		1D02A76F1EAAD09700775BDC /* Release */ = {
			isa = XCBuildConfiguration;
			buildSettings = {
				BUNDLE_LOADER = "$(TEST_HOST)";
				INFOPLIST_FILE = manyThreadTests/Info.plist;
				LD_RUNPATH_SEARCH_PATHS = "$(inherited) @executable_path/Frameworks @loader_path/Frameworks";
				PRODUCT_BUNDLE_IDENTIFIER = ios.manyThreadTests;
				PRODUCT_NAME = "$(TARGET_NAME)";
				TEST_HOST = "$(BUILT_PRODUCTS_DIR)/manyThread.app/manyThread";
			};
			name = Release;
		};
		1D02A7711EAAD09700775BDC /* Debug */ = {
			isa = XCBuildConfiguration;
			buildSettings = {
				INFOPLIST_FILE = manyThreadUITests/Info.plist;
				LD_RUNPATH_SEARCH_PATHS = "$(inherited) @executable_path/Frameworks @loader_path/Frameworks";
				PRODUCT_BUNDLE_IDENTIFIER = ios.manyThreadUITests;
				PRODUCT_NAME = "$(TARGET_NAME)";
				TEST_TARGET_NAME = manyThread;
			};
			name = Debug;
		};
		1D02A7721EAAD09700775BDC /* Release */ = {
			isa = XCBuildConfiguration;
			buildSettings = {
				INFOPLIST_FILE = manyThreadUITests/Info.plist;
				LD_RUNPATH_SEARCH_PATHS = "$(inherited) @executable_path/Frameworks @loader_path/Frameworks";
				PRODUCT_BUNDLE_IDENTIFIER = ios.manyThreadUITests;
				PRODUCT_NAME = "$(TARGET_NAME)";
				TEST_TARGET_NAME = manyThread;
			};
			name = Release;
		};
/* End XCBuildConfiguration section */

/* Begin XCConfigurationList section */
		1D02A7381EAAD09700775BDC /* Build configuration list for PBXProject "manyThread" */ = {
			isa = XCConfigurationList;
			buildConfigurations = (
				1D02A7681EAAD09700775BDC /* Debug */,
				1D02A7691EAAD09700775BDC /* Release */,
			);
			defaultConfigurationIsVisible = 0;
			defaultConfigurationName = Release;
		};
		1D02A76A1EAAD09700775BDC /* Build configuration list for PBXNativeTarget "manyThread" */ = {
			isa = XCConfigurationList;
			buildConfigurations = (
				1D02A76B1EAAD09700775BDC /* Debug */,
				1D02A76C1EAAD09700775BDC /* Release */,
			);
			defaultConfigurationIsVisible = 0;
		};
		1D02A76D1EAAD09700775BDC /* Build configuration list for PBXNativeTarget "manyThreadTests" */ = {
			isa = XCConfigurationList;
			buildConfigurations = (
				1D02A76E1EAAD09700775BDC /* Debug */,
				1D02A76F1EAAD09700775BDC /* Release */,
			);
			defaultConfigurationIsVisible = 0;
		};
		1D02A7701EAAD09700775BDC /* Build configuration list for PBXNativeTarget "manyThreadUITests" */ = {
			isa = XCConfigurationList;
			buildConfigurations = (
				1D02A7711EAAD09700775BDC /* Debug */,
				1D02A7721EAAD09700775BDC /* Release */,
			);
			defaultConfigurationIsVisible = 0;
		};
/* End XCConfigurationList section */
	};
	rootObject = 1D02A7351EAAD09700775BDC /* Project object */;
}
